
Microsoft Visual Studio Solution File, Format Version 12.00
# Visual Studio 15
VisualStudioVersion = 15.0.28010.2003
MinimumVisualStudioVersion = 10.0.40219.1
Project("{9A19103F-16F7-4668-BE54-9A1E7A4F7556}") = "WebApliCountries", "WebApliCountries\WebApliCountries.csproj", "{2FD7C9E3-2D6E-4221-B8A2-6535EDB914EF}"
EndProject
Project("{9A19103F-16F7-4668-BE54-9A1E7A4F7556}") = "FirtsProject", "FirtsProject\FirtsProject.csproj", "{A8B5AC6E-6378-4774-9042-80C896BB3A80}"
EndProject
Global
	GlobalSection(SolutionConfigurationPlatforms) = preSolution
		Debug|Any CPU = Debug|Any CPU
		Release|Any CPU = Release|Any CPU
	EndGlobalSection
	GlobalSection(ProjectConfigurationPlatforms) = postSolution
		{2FD7C9E3-2D6E-4221-B8A2-6535EDB914EF}.Debug|Any CPU.ActiveCfg = Debug|Any CPU
		{2FD7C9E3-2D6E-4221-B8A2-6535EDB914EF}.Debug|Any CPU.Build.0 = Debug|Any CPU
		{2FD7C9E3-2D6E-4221-B8A2-6535EDB914EF}.Release|Any CPU.ActiveCfg = Release|Any CPU
		{2FD7C9E3-2D6E-4221-B8A2-6535EDB914EF}.Release|Any CPU.Build.0 = Release|Any CPU
		{A8B5AC6E-6378-4774-9042-80C896BB3A80}.Debug|Any CPU.ActiveCfg = Debug|Any CPU
		{A8B5AC6E-6378-4774-9042-80C896BB3A80}.Debug|Any CPU.Build.0 = Debug|Any CPU
		{A8B5AC6E-6378-4774-9042-80C896BB3A80}.Release|Any CPU.ActiveCfg = Release|Any CPU
		{A8B5AC6E-6378-4774-9042-80C896BB3A80}.Release|Any CPU.Build.0 = Release|Any CPU
	EndGlobalSection
	GlobalSection(SolutionProperties) = preSolution
		HideSolutionNode = FALSE
	EndGlobalSection
	GlobalSection(ExtensibilityGlobals) = postSolution
		SolutionGuid = {3B72AB3D-2EFF-47EF-80D3-959D0DCF86A2}
	EndGlobalSection
EndGlobal
